
Microsoft Visual Studio Solution File, Format Version 12.00
# Visual Studio Version 17
VisualStudioVersion = 17.3.32819.101
MinimumVisualStudioVersion = 10.0.40219.1
Project("{9A19103F-16F7-4668-BE54-9A1E7A4F7556}") = "FinancePlanner.FinanceServices.Application", "FinancePlanner.FinanceServices.Application\FinancePlanner.FinanceServices.Application.csproj", "{76E09669-31E9-41B7-A8C9-177ACC56AAA7}"
EndProject
Project("{9A19103F-16F7-4668-BE54-9A1E7A4F7556}") = "FinancePlanner.FinanceServices.Domain", "FinancePlanner.FinanceServices.Domain\FinancePlanner.FinanceServices.Domain.csproj", "{C697FB36-9CD3-43E4-958F-C2ACDCDD789E}"
EndProject
Project("{9A19103F-16F7-4668-BE54-9A1E7A4F7556}") = "FinancePlanner.FinanceServices.Infrastructure", "FinancePlanner.FinanceServices.Infrastructure\FinancePlanner.FinanceServices.Infrastructure.csproj", "{BD829CD3-C4B6-4A46-8E2D-4FDF66A96D6F}"
EndProject
Project("{9A19103F-16F7-4668-BE54-9A1E7A4F7556}") = "FinancePlanner.FinanceServices.Services", "FinancePlanner.FinanceServices.Services\FinancePlanner.FinanceServices.Services.csproj", "{7A6BFFAF-A920-4487-8115-7CCCA1598481}"
EndProject
Project("{2150E333-8FDC-42A3-9474-1A3956D46DE8}") = "Solution Items", "Solution Items", "{82F768EE-8BC4-4D1F-8197-AB884FB6DB52}"
EndProject
Global
	GlobalSection(SolutionConfigurationPlatforms) = preSolution
		Debug|Any CPU = Debug|Any CPU
		Release|Any CPU = Release|Any CPU
	EndGlobalSection
	GlobalSection(ProjectConfigurationPlatforms) = postSolution
		{76E09669-31E9-41B7-A8C9-177ACC56AAA7}.Debug|Any CPU.ActiveCfg = Debug|Any CPU
		{76E09669-31E9-41B7-A8C9-177ACC56AAA7}.Debug|Any CPU.Build.0 = Debug|Any CPU
		{76E09669-31E9-41B7-A8C9-177ACC56AAA7}.Release|Any CPU.ActiveCfg = Release|Any CPU
		{76E09669-31E9-41B7-A8C9-177ACC56AAA7}.Release|Any CPU.Build.0 = Release|Any CPU
		{C697FB36-9CD3-43E4-958F-C2ACDCDD789E}.Debug|Any CPU.ActiveCfg = Debug|Any CPU
		{C697FB36-9CD3-43E4-958F-C2ACDCDD789E}.Debug|Any CPU.Build.0 = Debug|Any CPU
		{C697FB36-9CD3-43E4-958F-C2ACDCDD789E}.Release|Any CPU.ActiveCfg = Release|Any CPU
		{C697FB36-9CD3-43E4-958F-C2ACDCDD789E}.Release|Any CPU.Build.0 = Release|Any CPU
		{BD829CD3-C4B6-4A46-8E2D-4FDF66A96D6F}.Debug|Any CPU.ActiveCfg = Debug|Any CPU
		{BD829CD3-C4B6-4A46-8E2D-4FDF66A96D6F}.Debug|Any CPU.Build.0 = Debug|Any CPU
		{BD829CD3-C4B6-4A46-8E2D-4FDF66A96D6F}.Release|Any CPU.ActiveCfg = Release|Any CPU
		{BD829CD3-C4B6-4A46-8E2D-4FDF66A96D6F}.Release|Any CPU.Build.0 = Release|Any CPU
		{7A6BFFAF-A920-4487-8115-7CCCA1598481}.Debug|Any CPU.ActiveCfg = Debug|Any CPU
		{7A6BFFAF-A920-4487-8115-7CCCA1598481}.Debug|Any CPU.Build.0 = Debug|Any CPU
		{7A6BFFAF-A920-4487-8115-7CCCA1598481}.Release|Any CPU.ActiveCfg = Release|Any CPU
		{7A6BFFAF-A920-4487-8115-7CCCA1598481}.Release|Any CPU.Build.0 = Release|Any CPU
	EndGlobalSection
	GlobalSection(SolutionProperties) = preSolution
		HideSolutionNode = FALSE
	EndGlobalSection
	GlobalSection(ExtensibilityGlobals) = postSolution
		SolutionGuid = {4350BF5B-BBE6-4A27-A791-F1537321601B}
	EndGlobalSection
EndGlobal
